# This file is automatically @generated by Cargo.
# It is not intended for manual editing.
version = 4

[[package]]
name = "zkwrap-core"
version = "0.1.0"

[[package]]
name = "zkwrap-risc0"
version = "0.1.0"
dependencies = [
 "zkwrap-core",
]

[[package]]
name = "zkwrap-sp1"
version = "0.1.0"
dependencies = [
 "zkwrap-core",
]
